// !$*UTF8*$!
{
	archiveVersion = 1;
	classes = {
	};
	objectVersion = 46;
	objects = {

/* Begin PBXBuildFile section */
		6823CA811CAD587E00DAE237 /* Freddy.framework in Frameworks */ = {isa = PBXBuildFile; fileRef = 6823CA741CAD583300DAE237 /* Freddy.framework */; };
		6823CA851CAD603500DAE237 /* getJSON.swift in Sources */ = {isa = PBXBuildFile; fileRef = 6823CA841CAD603500DAE237 /* getJSON.swift */; };
		6823CA871CAD790B00DAE237 /* AppsListViewModel.swift in Sources */ = {isa = PBXBuildFile; fileRef = 6823CA861CAD790B00DAE237 /* AppsListViewModel.swift */; };
		6823CA891CAD7B7700DAE237 /* AppsListItem.swift in Sources */ = {isa = PBXBuildFile; fileRef = 6823CA881CAD7B7700DAE237 /* AppsListItem.swift */; };
		6823CA8D1CAD7D8A00DAE237 /* AppSummary.swift in Sources */ = {isa = PBXBuildFile; fileRef = 6823CA8C1CAD7D8A00DAE237 /* AppSummary.swift */; };
		6823CA921CAD7FD600DAE237 /* AppsList.xcdatamodeld in Sources */ = {isa = PBXBuildFile; fileRef = 6823CA901CAD7FD600DAE237 /* AppsList.xcdatamodeld */; };
		6823CA941CAD831B00DAE237 /* ManagedApp.swift in Sources */ = {isa = PBXBuildFile; fileRef = 6823CA931CAD831B00DAE237 /* ManagedApp.swift */; };
		6823CA971CAD86A700DAE237 /* ManagedObjectType.swift in Sources */ = {isa = PBXBuildFile; fileRef = 6823CA961CAD86A700DAE237 /* ManagedObjectType.swift */; };
		6823CA9B1CAD8FEF00DAE237 /* ManagedStore.swift in Sources */ = {isa = PBXBuildFile; fileRef = 6823CA9A1CAD8FEF00DAE237 /* ManagedStore.swift */; };
		6823CA9D1CAD934A00DAE237 /* DirectoryHelpers.swift in Sources */ = {isa = PBXBuildFile; fileRef = 6823CA9C1CAD934A00DAE237 /* DirectoryHelpers.swift */; };
		686E064F1CAFC3AE004DE4A6 /* AGTAsyncImage.m in Sources */ = {isa = PBXBuildFile; fileRef = 686E064E1CAFC3AE004DE4A6 /* AGTAsyncImage.m */; };
		686E06511CAFC672004DE4A6 /* emptyApp.png in Resources */ = {isa = PBXBuildFile; fileRef = 686E06501CAFC672004DE4A6 /* emptyApp.png */; };
		6885AF521CAAE52300AE3392 /* AppDelegate.swift in Sources */ = {isa = PBXBuildFile; fileRef = 6885AF511CAAE52300AE3392 /* AppDelegate.swift */; };
		6885AF591CAAE52300AE3392 /* Assets.xcassets in Resources */ = {isa = PBXBuildFile; fileRef = 6885AF581CAAE52300AE3392 /* Assets.xcassets */; };
		6885AF5C1CAAE52300AE3392 /* LaunchScreen.storyboard in Resources */ = {isa = PBXBuildFile; fileRef = 6885AF5A1CAAE52300AE3392 /* LaunchScreen.storyboard */; };
		6885AF641CAAF67D00AE3392 /* topfreeapps.json in Resources */ = {isa = PBXBuildFile; fileRef = 6885AF631CAAF67D00AE3392 /* topfreeapps.json */; };
		689558551CAC2E4400CF3C92 /* AppsListTableViewController.swift in Sources */ = {isa = PBXBuildFile; fileRef = 689558531CAC2E4400CF3C92 /* AppsListTableViewController.swift */; };
		689558561CAC2E4400CF3C92 /* AppsListTableViewController.xib in Resources */ = {isa = PBXBuildFile; fileRef = 689558541CAC2E4400CF3C92 /* AppsListTableViewController.xib */; };
		689558591CAC2FDE00CF3C92 /* AppsGrillCollectionViewController.swift in Sources */ = {isa = PBXBuildFile; fileRef = 689558571CAC2FDE00CF3C92 /* AppsGrillCollectionViewController.swift */; };
		6895585A1CAC2FDE00CF3C92 /* AppsGrillCollectionViewController.xib in Resources */ = {isa = PBXBuildFile; fileRef = 689558581CAC2FDE00CF3C92 /* AppsGrillCollectionViewController.xib */; };
		6895585D1CAC342800CF3C92 /* AppsGrillCell.swift in Sources */ = {isa = PBXBuildFile; fileRef = 6895585B1CAC342800CF3C92 /* AppsGrillCell.swift */; };
		6895585E1CAC342800CF3C92 /* AppsGrillCell.xib in Resources */ = {isa = PBXBuildFile; fileRef = 6895585C1CAC342800CF3C92 /* AppsGrillCell.xib */; };
		689558611CAC344300CF3C92 /* AppsListCell.swift in Sources */ = {isa = PBXBuildFile; fileRef = 6895585F1CAC344300CF3C92 /* AppsListCell.swift */; };
		689558621CAC344300CF3C92 /* AppsListCell.xib in Resources */ = {isa = PBXBuildFile; fileRef = 689558601CAC344300CF3C92 /* AppsListCell.xib */; };
		689558661CAC3E1F00CF3C92 /* App.swift in Sources */ = {isa = PBXBuildFile; fileRef = 689558651CAC3E1F00CF3C92 /* App.swift */; };
		689675281CAEE63600CB89BD /* AppsListStore.swift in Sources */ = {isa = PBXBuildFile; fileRef = 689675271CAEE63600CB89BD /* AppsListStore.swift */; };
		6896752A1CAEEDB600CB89BD /* AppsListWireframe.swift in Sources */ = {isa = PBXBuildFile; fileRef = 689675291CAEEDB600CB89BD /* AppsListWireframe.swift */; };
		689675321CAEEEAC00CB89BD /* AppDetailViewController.swift in Sources */ = {isa = PBXBuildFile; fileRef = 689675301CAEEEAC00CB89BD /* AppDetailViewController.swift */; };
		689675331CAEEEAC00CB89BD /* AppDetailViewController.xib in Resources */ = {isa = PBXBuildFile; fileRef = 689675311CAEEEAC00CB89BD /* AppDetailViewController.xib */; };
		689675351CAEF01300CB89BD /* AppDetailViewModel.swift in Sources */ = {isa = PBXBuildFile; fileRef = 689675341CAEF01300CB89BD /* AppDetailViewModel.swift */; };
/* End PBXBuildFile section */

/* Begin PBXContainerItemProxy section */
		6823CA731CAD583300DAE237 /* PBXContainerItemProxy */ = {
			isa = PBXContainerItemProxy;
			containerPortal = 6823CA691CAD583300DAE237 /* Freddy.xcodeproj */;
			proxyType = 2;
			remoteGlobalIDString = DB6ADF3E1C23612000D77BF1;
			remoteInfo = Freddy;
		};
		6823CA751CAD583300DAE237 /* PBXContainerItemProxy */ = {
			isa = PBXContainerItemProxy;
			containerPortal = 6823CA691CAD583300DAE237 /* Freddy.xcodeproj */;
			proxyType = 2;
			remoteGlobalIDString = DB6ADF471C23612000D77BF1;
			remoteInfo = FreddyTests;
		};
		6823CA771CAD583300DAE237 /* PBXContainerItemProxy */ = {
			isa = PBXContainerItemProxy;
			containerPortal = 6823CA691CAD583300DAE237 /* Freddy.xcodeproj */;
			proxyType = 2;
			remoteGlobalIDString = DB6ADF1F1C23610B00D77BF1;
			remoteInfo = MobileFreddy;
		};
		6823CA791CAD583300DAE237 /* PBXContainerItemProxy */ = {
			isa = PBXContainerItemProxy;
			containerPortal = 6823CA691CAD583300DAE237 /* Freddy.xcodeproj */;
			proxyType = 2;
			remoteGlobalIDString = DB6ADF291C23610B00D77BF1;
			remoteInfo = MobileFreddyTests;
		};
		6823CA7B1CAD583300DAE237 /* PBXContainerItemProxy */ = {
			isa = PBXContainerItemProxy;
			containerPortal = 6823CA691CAD583300DAE237 /* Freddy.xcodeproj */;
			proxyType = 2;
			remoteGlobalIDString = DB6ADF5A1C23612900D77BF1;
			remoteInfo = TVFreddy;
		};
		6823CA7D1CAD583300DAE237 /* PBXContainerItemProxy */ = {
			isa = PBXContainerItemProxy;
			containerPortal = 6823CA691CAD583300DAE237 /* Freddy.xcodeproj */;
			proxyType = 2;
			remoteGlobalIDString = DB6ADF631C23612A00D77BF1;
			remoteInfo = TVFreddyTests;
		};
		6823CA7F1CAD583300DAE237 /* PBXContainerItemProxy */ = {
			isa = PBXContainerItemProxy;
			containerPortal = 6823CA691CAD583300DAE237 /* Freddy.xcodeproj */;
			proxyType = 2;
			remoteGlobalIDString = DB6ADF761C23613200D77BF1;
			remoteInfo = NanoFreddy;
		};
/* End PBXContainerItemProxy section */

/* Begin PBXFileReference section */
		6823CA691CAD583300DAE237 /* Freddy.xcodeproj */ = {isa = PBXFileReference; lastKnownFileType = "wrapper.pb-project"; name = Freddy.xcodeproj; path = Vendor/Freddy/Freddy.xcodeproj; sourceTree = "<group>"; };
		6823CA841CAD603500DAE237 /* getJSON.swift */ = {isa = PBXFileReference; fileEncoding = 4; lastKnownFileType = sourcecode.swift; path = getJSON.swift; sourceTree = "<group>"; };
		6823CA861CAD790B00DAE237 /* AppsListViewModel.swift */ = {isa = PBXFileReference; fileEncoding = 4; lastKnownFileType = sourcecode.swift; path = AppsListViewModel.swift; sourceTree = "<group>"; };
		6823CA881CAD7B7700DAE237 /* AppsListItem.swift */ = {isa = PBXFileReference; fileEncoding = 4; lastKnownFileType = sourcecode.swift; path = AppsListItem.swift; sourceTree = "<group>"; };
		6823CA8C1CAD7D8A00DAE237 /* AppSummary.swift */ = {isa = PBXFileReference; fileEncoding = 4; lastKnownFileType = sourcecode.swift; path = AppSummary.swift; sourceTree = "<group>"; };
		6823CA911CAD7FD600DAE237 /* AppsList.xcdatamodel */ = {isa = PBXFileReference; lastKnownFileType = wrapper.xcdatamodel; path = AppsList.xcdatamodel; sourceTree = "<group>"; };
		6823CA931CAD831B00DAE237 /* ManagedApp.swift */ = {isa = PBXFileReference; fileEncoding = 4; lastKnownFileType = sourcecode.swift; path = ManagedApp.swift; sourceTree = "<group>"; };
		6823CA961CAD86A700DAE237 /* ManagedObjectType.swift */ = {isa = PBXFileReference; fileEncoding = 4; lastKnownFileType = sourcecode.swift; path = ManagedObjectType.swift; sourceTree = "<group>"; };
		6823CA9A1CAD8FEF00DAE237 /* ManagedStore.swift */ = {isa = PBXFileReference; fileEncoding = 4; lastKnownFileType = sourcecode.swift; path = ManagedStore.swift; sourceTree = "<group>"; };
		6823CA9C1CAD934A00DAE237 /* DirectoryHelpers.swift */ = {isa = PBXFileReference; fileEncoding = 4; lastKnownFileType = sourcecode.swift; path = DirectoryHelpers.swift; sourceTree = "<group>"; };
		686E06451CAFC3AD004DE4A6 /* AppsList-Bridging-Header.h */ = {isa = PBXFileReference; lastKnownFileType = sourcecode.c.h; path = "AppsList-Bridging-Header.h"; sourceTree = "<group>"; };
		686E064D1CAFC3AE004DE4A6 /* AGTAsyncImage.h */ = {isa = PBXFileReference; fileEncoding = 4; lastKnownFileType = sourcecode.c.h; path = AGTAsyncImage.h; sourceTree = "<group>"; };
		686E064E1CAFC3AE004DE4A6 /* AGTAsyncImage.m */ = {isa = PBXFileReference; fileEncoding = 4; lastKnownFileType = sourcecode.c.objc; path = AGTAsyncImage.m; sourceTree = "<group>"; };
		686E06501CAFC672004DE4A6 /* emptyApp.png */ = {isa = PBXFileReference; lastKnownFileType = image.png; path = emptyApp.png; sourceTree = "<group>"; };
		6885AF4E1CAAE52300AE3392 /* AppsList.app */ = {isa = PBXFileReference; explicitFileType = wrapper.application; includeInIndex = 0; path = AppsList.app; sourceTree = BUILT_PRODUCTS_DIR; };
		6885AF511CAAE52300AE3392 /* AppDelegate.swift */ = {isa = PBXFileReference; lastKnownFileType = sourcecode.swift; path = AppDelegate.swift; sourceTree = "<group>"; };
		6885AF581CAAE52300AE3392 /* Assets.xcassets */ = {isa = PBXFileReference; lastKnownFileType = folder.assetcatalog; path = Assets.xcassets; sourceTree = "<group>"; };
		6885AF5B1CAAE52300AE3392 /* Base */ = {isa = PBXFileReference; lastKnownFileType = file.storyboard; name = Base; path = Base.lproj/LaunchScreen.storyboard; sourceTree = "<group>"; };
		6885AF5D1CAAE52300AE3392 /* Info.plist */ = {isa = PBXFileReference; lastKnownFileType = text.plist.xml; path = Info.plist; sourceTree = "<group>"; };
		6885AF631CAAF67D00AE3392 /* topfreeapps.json */ = {isa = PBXFileReference; fileEncoding = 4; lastKnownFileType = text.json; path = topfreeapps.json; sourceTree = "<group>"; };
		689558531CAC2E4400CF3C92 /* AppsListTableViewController.swift */ = {isa = PBXFileReference; fileEncoding = 4; lastKnownFileType = sourcecode.swift; path = AppsListTableViewController.swift; sourceTree = "<group>"; };
		689558541CAC2E4400CF3C92 /* AppsListTableViewController.xib */ = {isa = PBXFileReference; fileEncoding = 4; lastKnownFileType = file.xib; path = AppsListTableViewController.xib; sourceTree = "<group>"; };
		689558571CAC2FDE00CF3C92 /* AppsGrillCollectionViewController.swift */ = {isa = PBXFileReference; fileEncoding = 4; lastKnownFileType = sourcecode.swift; path = AppsGrillCollectionViewController.swift; sourceTree = "<group>"; };
		689558581CAC2FDE00CF3C92 /* AppsGrillCollectionViewController.xib */ = {isa = PBXFileReference; fileEncoding = 4; lastKnownFileType = file.xib; path = AppsGrillCollectionViewController.xib; sourceTree = "<group>"; };
		6895585B1CAC342800CF3C92 /* AppsGrillCell.swift */ = {isa = PBXFileReference; fileEncoding = 4; lastKnownFileType = sourcecode.swift; path = AppsGrillCell.swift; sourceTree = "<group>"; };
		6895585C1CAC342800CF3C92 /* AppsGrillCell.xib */ = {isa = PBXFileReference; fileEncoding = 4; lastKnownFileType = file.xib; path = AppsGrillCell.xib; sourceTree = "<group>"; };
		6895585F1CAC344300CF3C92 /* AppsListCell.swift */ = {isa = PBXFileReference; fileEncoding = 4; lastKnownFileType = sourcecode.swift; path = AppsListCell.swift; sourceTree = "<group>"; };
		689558601CAC344300CF3C92 /* AppsListCell.xib */ = {isa = PBXFileReference; fileEncoding = 4; lastKnownFileType = file.xib; path = AppsListCell.xib; sourceTree = "<group>"; };
		689558651CAC3E1F00CF3C92 /* App.swift */ = {isa = PBXFileReference; fileEncoding = 4; lastKnownFileType = sourcecode.swift; path = App.swift; sourceTree = "<group>"; };
		689675271CAEE63600CB89BD /* AppsListStore.swift */ = {isa = PBXFileReference; fileEncoding = 4; lastKnownFileType = sourcecode.swift; path = AppsListStore.swift; sourceTree = "<group>"; };
		689675291CAEEDB600CB89BD /* AppsListWireframe.swift */ = {isa = PBXFileReference; fileEncoding = 4; lastKnownFileType = sourcecode.swift; path = AppsListWireframe.swift; sourceTree = "<group>"; };
		689675301CAEEEAC00CB89BD /* AppDetailViewController.swift */ = {isa = PBXFileReference; fileEncoding = 4; lastKnownFileType = sourcecode.swift; path = AppDetailViewController.swift; sourceTree = "<group>"; };
		689675311CAEEEAC00CB89BD /* AppDetailViewController.xib */ = {isa = PBXFileReference; fileEncoding = 4; lastKnownFileType = file.xib; path = AppDetailViewController.xib; sourceTree = "<group>"; };
		689675341CAEF01300CB89BD /* AppDetailViewModel.swift */ = {isa = PBXFileReference; fileEncoding = 4; lastKnownFileType = sourcecode.swift; path = AppDetailViewModel.swift; sourceTree = "<group>"; };
/* End PBXFileReference section */

/* Begin PBXFrameworksBuildPhase section */
		6885AF4B1CAAE52300AE3392 /* Frameworks */ = {
			isa = PBXFrameworksBuildPhase;
			buildActionMask = 2147483647;
			files = (
				6823CA811CAD587E00DAE237 /* Freddy.framework in Frameworks */,
			);
			runOnlyForDeploymentPostprocessing = 0;
		};
/* End PBXFrameworksBuildPhase section */

/* Begin PBXGroup section */
		6823CA6A1CAD583300DAE237 /* Products */ = {
			isa = PBXGroup;
			children = (
				6823CA741CAD583300DAE237 /* Freddy.framework */,
				6823CA761CAD583300DAE237 /* FreddyTests.xctest */,
				6823CA781CAD583300DAE237 /* Freddy.framework */,
				6823CA7A1CAD583300DAE237 /* MobileFreddyTests.xctest */,
				6823CA7C1CAD583300DAE237 /* Freddy.framework */,
				6823CA7E1CAD583300DAE237 /* TVFreddyTests.xctest */,
				6823CA801CAD583300DAE237 /* Freddy.framework */,
			);
			name = Products;
			sourceTree = "<group>";
		};
		6823CA821CAD5C9000DAE237 /* TopFreeApps */ = {
			isa = PBXGroup;
			children = (
				6823CA951CAD869200DAE237 /* Core */,
				6823CA8E1CAD7F9800DAE237 /* Models */,
			);
			name = TopFreeApps;
			sourceTree = "<group>";
		};
		6823CA831CAD602000DAE237 /* Utils */ = {
			isa = PBXGroup;
			children = (
				686E064D1CAFC3AE004DE4A6 /* AGTAsyncImage.h */,
				686E064E1CAFC3AE004DE4A6 /* AGTAsyncImage.m */,
				686E06451CAFC3AD004DE4A6 /* AppsList-Bridging-Header.h */,
			);
			name = Utils;
			sourceTree = "<group>";
		};
		6823CA8A1CAD7D3700DAE237 /* AppDetail */ = {
			isa = PBXGroup;
			children = (
				687153E01CB5551F00763C3C /* Views */,
				6896752B1CAEEE5100CB89BD /* View Controllers */,
				6823CA8B1CAD7D4E00DAE237 /* View Models */,
			);
			name = AppDetail;
			sourceTree = "<group>";
		};
		6823CA8B1CAD7D4E00DAE237 /* View Models */ = {
			isa = PBXGroup;
			children = (
				6823CA8C1CAD7D8A00DAE237 /* AppSummary.swift */,
				689675341CAEF01300CB89BD /* AppDetailViewModel.swift */,
			);
			name = "View Models";
			sourceTree = "<group>";
		};
		6823CA8E1CAD7F9800DAE237 /* Models */ = {
			isa = PBXGroup;
			children = (
				6823CA8F1CAD7FA600DAE237 /* Managed */,
				689558651CAC3E1F00CF3C92 /* App.swift */,
			);
			name = Models;
			sourceTree = "<group>";
		};
		6823CA8F1CAD7FA600DAE237 /* Managed */ = {
			isa = PBXGroup;
			children = (
				6823CA901CAD7FD600DAE237 /* AppsList.xcdatamodeld */,
				6823CA931CAD831B00DAE237 /* ManagedApp.swift */,
			);
			name = Managed;
			sourceTree = "<group>";
		};
		6823CA951CAD869200DAE237 /* Core */ = {
			isa = PBXGroup;
			children = (
				6823CA841CAD603500DAE237 /* getJSON.swift */,
				6823CA961CAD86A700DAE237 /* ManagedObjectType.swift */,
			);
			name = Core;
			sourceTree = "<group>";
		};
		6823CA981CAD8FC800DAE237 /* Common */ = {
			isa = PBXGroup;
			children = (
				6823CA991CAD8FD100DAE237 /* Helpers */,
				689675271CAEE63600CB89BD /* AppsListStore.swift */,
			);
			name = Common;
			sourceTree = "<group>";
		};
		6823CA991CAD8FD100DAE237 /* Helpers */ = {
			isa = PBXGroup;
			children = (
				6823CA9A1CAD8FEF00DAE237 /* ManagedStore.swift */,
				6823CA9C1CAD934A00DAE237 /* DirectoryHelpers.swift */,
			);
			name = Helpers;
			sourceTree = "<group>";
		};
		687153E01CB5551F00763C3C /* Views */ = {
			isa = PBXGroup;
			children = (
			);
			name = Views;
			sourceTree = "<group>";
		};
		6885AF451CAAE52300AE3392 = {
			isa = PBXGroup;
			children = (
				6823CA691CAD583300DAE237 /* Freddy.xcodeproj */,
				6885AF501CAAE52300AE3392 /* AppsList */,
				6885AF4F1CAAE52300AE3392 /* Products */,
			);
			sourceTree = "<group>";
		};
		6885AF4F1CAAE52300AE3392 /* Products */ = {
			isa = PBXGroup;
			children = (
				6885AF4E1CAAE52300AE3392 /* AppsList.app */,
			);
			name = Products;
			sourceTree = "<group>";
		};
		6885AF501CAAE52300AE3392 /* AppsList */ = {
			isa = PBXGroup;
			children = (
				6823CA981CAD8FC800DAE237 /* Common */,
				6823CA831CAD602000DAE237 /* Utils */,
				6823CA821CAD5C9000DAE237 /* TopFreeApps */,
				689558431CAC274800CF3C92 /* AppsList */,
				6823CA8A1CAD7D3700DAE237 /* AppDetail */,
				6885AF651CAAF69200AE3392 /* Resources */,
				6885AF511CAAE52300AE3392 /* AppDelegate.swift */,
				6885AF5D1CAAE52300AE3392 /* Info.plist */,
			);
			path = AppsList;
			sourceTree = "<group>";
		};
		6885AF651CAAF69200AE3392 /* Resources */ = {
			isa = PBXGroup;
			children = (
				686E06501CAFC672004DE4A6 /* emptyApp.png */,
				6885AF581CAAE52300AE3392 /* Assets.xcassets */,
				6885AF5A1CAAE52300AE3392 /* LaunchScreen.storyboard */,
				6885AF631CAAF67D00AE3392 /* topfreeapps.json */,
			);
			name = Resources;
			sourceTree = "<group>";
		};
		689558431CAC274800CF3C92 /* AppsList */ = {
			isa = PBXGroup;
			children = (
				689558471CAC27AC00CF3C92 /* Wireframes */,
				689558461CAC279B00CF3C92 /* View Controllers */,
				689558451CAC277E00CF3C92 /* View Models */,
				689558441CAC276E00CF3C92 /* Views */,
			);
			name = AppsList;
			sourceTree = "<group>";
		};
		689558441CAC276E00CF3C92 /* Views */ = {
			isa = PBXGroup;
			children = (
				6895585B1CAC342800CF3C92 /* AppsGrillCell.swift */,
				6895585C1CAC342800CF3C92 /* AppsGrillCell.xib */,
				6895585F1CAC344300CF3C92 /* AppsListCell.swift */,
				689558601CAC344300CF3C92 /* AppsListCell.xib */,
			);
			name = Views;
			sourceTree = "<group>";
		};
		689558451CAC277E00CF3C92 /* View Models */ = {
			isa = PBXGroup;
			children = (
				6823CA861CAD790B00DAE237 /* AppsListViewModel.swift */,
				6823CA881CAD7B7700DAE237 /* AppsListItem.swift */,
			);
			name = "View Models";
			sourceTree = "<group>";
		};
		689558461CAC279B00CF3C92 /* View Controllers */ = {
			isa = PBXGroup;
			children = (
				689558531CAC2E4400CF3C92 /* AppsListTableViewController.swift */,
				689558541CAC2E4400CF3C92 /* AppsListTableViewController.xib */,
				689558571CAC2FDE00CF3C92 /* AppsGrillCollectionViewController.swift */,
				689558581CAC2FDE00CF3C92 /* AppsGrillCollectionViewController.xib */,
			);
			name = "View Controllers";
			sourceTree = "<group>";
		};
		689558471CAC27AC00CF3C92 /* Wireframes */ = {
			isa = PBXGroup;
			children = (
				689675291CAEEDB600CB89BD /* AppsListWireframe.swift */,
			);
			name = Wireframes;
			sourceTree = "<group>";
		};
		6896752B1CAEEE5100CB89BD /* View Controllers */ = {
			isa = PBXGroup;
			children = (
				689675301CAEEEAC00CB89BD /* AppDetailViewController.swift */,
				689675311CAEEEAC00CB89BD /* AppDetailViewController.xib */,
			);
			name = "View Controllers";
			sourceTree = "<group>";
		};
/* End PBXGroup section */

/* Begin PBXNativeTarget section */
		6885AF4D1CAAE52300AE3392 /* AppsList */ = {
			isa = PBXNativeTarget;
			buildConfigurationList = 6885AF601CAAE52400AE3392 /* Build configuration list for PBXNativeTarget "AppsList" */;
			buildPhases = (
				6885AF4A1CAAE52300AE3392 /* Sources */,
				6885AF4B1CAAE52300AE3392 /* Frameworks */,
				6885AF4C1CAAE52300AE3392 /* Resources */,
			);
			buildRules = (
			);
			dependencies = (
			);
			name = AppsList;
			productName = AppsList;
			productReference = 6885AF4E1CAAE52300AE3392 /* AppsList.app */;
			productType = "com.apple.product-type.application";
		};
/* End PBXNativeTarget section */

/* Begin PBXProject section */
		6885AF461CAAE52300AE3392 /* Project object */ = {
			isa = PBXProject;
			attributes = {
				LastSwiftUpdateCheck = 0730;
				LastUpgradeCheck = 0730;
				ORGANIZATIONNAME = "Jorge Miguel Lucena Pino";
				TargetAttributes = {
					6885AF4D1CAAE52300AE3392 = {
						CreatedOnToolsVersion = 7.3;
						DevelopmentTeam = R5A66455JB;
					};
				};
			};
			buildConfigurationList = 6885AF491CAAE52300AE3392 /* Build configuration list for PBXProject "AppsList" */;
			compatibilityVersion = "Xcode 3.2";
			developmentRegion = English;
			hasScannedForEncodings = 0;
			knownRegions = (
				en,
				Base,
			);
			mainGroup = 6885AF451CAAE52300AE3392;
			productRefGroup = 6885AF4F1CAAE52300AE3392 /* Products */;
			projectDirPath = "";
			projectReferences = (
				{
					ProductGroup = 6823CA6A1CAD583300DAE237 /* Products */;
					ProjectRef = 6823CA691CAD583300DAE237 /* Freddy.xcodeproj */;
				},
			);
			projectRoot = "";
			targets = (
				6885AF4D1CAAE52300AE3392 /* AppsList */,
			);
		};
/* End PBXProject section */

/* Begin PBXReferenceProxy section */
		6823CA741CAD583300DAE237 /* Freddy.framework */ = {
			isa = PBXReferenceProxy;
			fileType = wrapper.framework;
			path = Freddy.framework;
			remoteRef = 6823CA731CAD583300DAE237 /* PBXContainerItemProxy */;
			sourceTree = BUILT_PRODUCTS_DIR;
		};
		6823CA761CAD583300DAE237 /* FreddyTests.xctest */ = {
			isa = PBXReferenceProxy;
			fileType = wrapper.cfbundle;
			path = FreddyTests.xctest;
			remoteRef = 6823CA751CAD583300DAE237 /* PBXContainerItemProxy */;
			sourceTree = BUILT_PRODUCTS_DIR;
		};
		6823CA781CAD583300DAE237 /* Freddy.framework */ = {
			isa = PBXReferenceProxy;
			fileType = wrapper.framework;
			path = Freddy.framework;
			remoteRef = 6823CA771CAD583300DAE237 /* PBXContainerItemProxy */;
			sourceTree = BUILT_PRODUCTS_DIR;
		};
		6823CA7A1CAD583300DAE237 /* MobileFreddyTests.xctest */ = {
			isa = PBXReferenceProxy;
			fileType = wrapper.cfbundle;
			path = MobileFreddyTests.xctest;
			remoteRef = 6823CA791CAD583300DAE237 /* PBXContainerItemProxy */;
			sourceTree = BUILT_PRODUCTS_DIR;
		};
		6823CA7C1CAD583300DAE237 /* Freddy.framework */ = {
			isa = PBXReferenceProxy;
			fileType = wrapper.framework;
			path = Freddy.framework;
			remoteRef = 6823CA7B1CAD583300DAE237 /* PBXContainerItemProxy */;
			sourceTree = BUILT_PRODUCTS_DIR;
		};
		6823CA7E1CAD583300DAE237 /* TVFreddyTests.xctest */ = {
			isa = PBXReferenceProxy;
			fileType = wrapper.cfbundle;
			path = TVFreddyTests.xctest;
			remoteRef = 6823CA7D1CAD583300DAE237 /* PBXContainerItemProxy */;
			sourceTree = BUILT_PRODUCTS_DIR;
		};
		6823CA801CAD583300DAE237 /* Freddy.framework */ = {
			isa = PBXReferenceProxy;
			fileType = wrapper.framework;
			path = Freddy.framework;
			remoteRef = 6823CA7F1CAD583300DAE237 /* PBXContainerItemProxy */;
			sourceTree = BUILT_PRODUCTS_DIR;
		};
/* End PBXReferenceProxy section */

/* Begin PBXResourcesBuildPhase section */
		6885AF4C1CAAE52300AE3392 /* Resources */ = {
			isa = PBXResourcesBuildPhase;
			buildActionMask = 2147483647;
			files = (
				6895585E1CAC342800CF3C92 /* AppsGrillCell.xib in Resources */,
				6885AF5C1CAAE52300AE3392 /* LaunchScreen.storyboard in Resources */,
				6895585A1CAC2FDE00CF3C92 /* AppsGrillCollectionViewController.xib in Resources */,
				6885AF591CAAE52300AE3392 /* Assets.xcassets in Resources */,
				686E06511CAFC672004DE4A6 /* emptyApp.png in Resources */,
				6885AF641CAAF67D00AE3392 /* topfreeapps.json in Resources */,
				689558621CAC344300CF3C92 /* AppsListCell.xib in Resources */,
				689558561CAC2E4400CF3C92 /* AppsListTableViewController.xib in Resources */,
				689675331CAEEEAC00CB89BD /* AppDetailViewController.xib in Resources */,
			);
			runOnlyForDeploymentPostprocessing = 0;
		};
/* End PBXResourcesBuildPhase section */

/* Begin PBXSourcesBuildPhase section */
		6885AF4A1CAAE52300AE3392 /* Sources */ = {
			isa = PBXSourcesBuildPhase;
			buildActionMask = 2147483647;
			files = (
				6823CA891CAD7B7700DAE237 /* AppsListItem.swift in Sources */,
				689675351CAEF01300CB89BD /* AppDetailViewModel.swift in Sources */,
				6823CA921CAD7FD600DAE237 /* AppsList.xcdatamodeld in Sources */,
				6895585D1CAC342800CF3C92 /* AppsGrillCell.swift in Sources */,
				6885AF521CAAE52300AE3392 /* AppDelegate.swift in Sources */,
				689558551CAC2E4400CF3C92 /* AppsListTableViewController.swift in Sources */,
				689675281CAEE63600CB89BD /* AppsListStore.swift in Sources */,
				686E064F1CAFC3AE004DE4A6 /* AGTAsyncImage.m in Sources */,
				6896752A1CAEEDB600CB89BD /* AppsListWireframe.swift in Sources */,
				6823CA971CAD86A700DAE237 /* ManagedObjectType.swift in Sources */,
				6823CA941CAD831B00DAE237 /* ManagedApp.swift in Sources */,
				689675321CAEEEAC00CB89BD /* AppDetailViewController.swift in Sources */,
				6823CA8D1CAD7D8A00DAE237 /* AppSummary.swift in Sources */,
				6823CA9D1CAD934A00DAE237 /* DirectoryHelpers.swift in Sources */,
				6823CA871CAD790B00DAE237 /* AppsListViewModel.swift in Sources */,
				689558591CAC2FDE00CF3C92 /* AppsGrillCollectionViewController.swift in Sources */,
				6823CA9B1CAD8FEF00DAE237 /* ManagedStore.swift in Sources */,
				689558661CAC3E1F00CF3C92 /* App.swift in Sources */,
				689558611CAC344300CF3C92 /* AppsListCell.swift in Sources */,
				6823CA851CAD603500DAE237 /* getJSON.swift in Sources */,
			);
			runOnlyForDeploymentPostprocessing = 0;
		};
/* End PBXSourcesBuildPhase section */

/* Begin PBXVariantGroup section */
		6885AF5A1CAAE52300AE3392 /* LaunchScreen.storyboard */ = {
			isa = PBXVariantGroup;
			children = (
				6885AF5B1CAAE52300AE3392 /* Base */,
			);
			name = LaunchScreen.storyboard;
			sourceTree = "<group>";
		};
/* End PBXVariantGroup section */

/* Begin XCBuildConfiguration section */
		6885AF5E1CAAE52300AE3392 /* Debug */ = {
			isa = XCBuildConfiguration;
			buildSettings = {
				ALWAYS_SEARCH_USER_PATHS = NO;
				CLANG_ANALYZER_NONNULL = YES;
				CLANG_CXX_LANGUAGE_STANDARD = "gnu++0x";
				CLANG_CXX_LIBRARY = "libc++";
				CLANG_ENABLE_MODULES = YES;
				CLANG_ENABLE_OBJC_ARC = YES;
				CLANG_WARN_BOOL_CONVERSION = YES;
				CLANG_WARN_CONSTANT_CONVERSION = YES;
				CLANG_WARN_DIRECT_OBJC_ISA_USAGE = YES_ERROR;
				CLANG_WARN_EMPTY_BODY = YES;
				CLANG_WARN_ENUM_CONVERSION = YES;
				CLANG_WARN_INT_CONVERSION = YES;
				CLANG_WARN_OBJC_ROOT_CLASS = YES_ERROR;
				CLANG_WARN_UNREACHABLE_CODE = YES;
				CLANG_WARN__DUPLICATE_METHOD_MATCH = YES;
				"CODE_SIGN_IDENTITY[sdk=iphoneos*]" = "iPhone Developer";
				COPY_PHASE_STRIP = NO;
				DEBUG_INFORMATION_FORMAT = dwarf;
				ENABLE_STRICT_OBJC_MSGSEND = YES;
				ENABLE_TESTABILITY = YES;
				GCC_C_LANGUAGE_STANDARD = gnu99;
				GCC_DYNAMIC_NO_PIC = NO;
				GCC_NO_COMMON_BLOCKS = YES;
				GCC_OPTIMIZATION_LEVEL = 0;
				GCC_PREPROCESSOR_DEFINITIONS = (
					"DEBUG=1",
					"$(inherited)",
				);
				GCC_WARN_64_TO_32_BIT_CONVERSION = YES;
				GCC_WARN_ABOUT_RETURN_TYPE = YES_ERROR;
				GCC_WARN_UNDECLARED_SELECTOR = YES;
				GCC_WARN_UNINITIALIZED_AUTOS = YES_AGGRESSIVE;
				GCC_WARN_UNUSED_FUNCTION = YES;
				GCC_WARN_UNUSED_VARIABLE = YES;
				IPHONEOS_DEPLOYMENT_TARGET = 7.0;
				MTL_ENABLE_DEBUG_INFO = YES;
				ONLY_ACTIVE_ARCH = YES;
				SDKROOT = iphoneos;
				SWIFT_OPTIMIZATION_LEVEL = "-Onone";
				TARGETED_DEVICE_FAMILY = "1,2";
			};
			name = Debug;
		};
		6885AF5F1CAAE52400AE3392 /* Release */ = {
			isa = XCBuildConfiguration;
			buildSettings = {
				ALWAYS_SEARCH_USER_PATHS = NO;
				CLANG_ANALYZER_NONNULL = YES;
				CLANG_CXX_LANGUAGE_STANDARD = "gnu++0x";
				CLANG_CXX_LIBRARY = "libc++";
				CLANG_ENABLE_MODULES = YES;
				CLANG_ENABLE_OBJC_ARC = YES;
				CLANG_WARN_BOOL_CONVERSION = YES;
				CLANG_WARN_CONSTANT_CONVERSION = YES;
				CLANG_WARN_DIRECT_OBJC_ISA_USAGE = YES_ERROR;
				CLANG_WARN_EMPTY_BODY = YES;
				CLANG_WARN_ENUM_CONVERSION = YES;
				CLANG_WARN_INT_CONVERSION = YES;
				CLANG_WARN_OBJC_ROOT_CLASS = YES_ERROR;
				CLANG_WARN_UNREACHABLE_CODE = YES;
				CLANG_WARN__DUPLICATE_METHOD_MATCH = YES;
				"CODE_SIGN_IDENTITY[sdk=iphoneos*]" = "iPhone Developer";
				COPY_PHASE_STRIP = NO;
				DEBUG_INFORMATION_FORMAT = "dwarf-with-dsym";
				ENABLE_NS_ASSERTIONS = NO;
				ENABLE_STRICT_OBJC_MSGSEND = YES;
				GCC_C_LANGUAGE_STANDARD = gnu99;
				GCC_NO_COMMON_BLOCKS = YES;
				GCC_WARN_64_TO_32_BIT_CONVERSION = YES;
				GCC_WARN_ABOUT_RETURN_TYPE = YES_ERROR;
				GCC_WARN_UNDECLARED_SELECTOR = YES;
				GCC_WARN_UNINITIALIZED_AUTOS = YES_AGGRESSIVE;
				GCC_WARN_UNUSED_FUNCTION = YES;
				GCC_WARN_UNUSED_VARIABLE = YES;
				IPHONEOS_DEPLOYMENT_TARGET = 7.0;
				MTL_ENABLE_DEBUG_INFO = NO;
				SDKROOT = iphoneos;
				TARGETED_DEVICE_FAMILY = "1,2";
				VALIDATE_PRODUCT = YES;
			};
			name = Release;
		};
		6885AF611CAAE52400AE3392 /* Debug */ = {
			isa = XCBuildConfiguration;
			buildSettings = {
				ASSETCATALOG_COMPILER_APPICON_NAME = AppIcon;
				CLANG_ENABLE_MODULES = YES;
				INFOPLIST_FILE = AppsList/Info.plist;
				IPHONEOS_DEPLOYMENT_TARGET = 7.0;
				LD_RUNPATH_SEARCH_PATHS = "$(inherited) @executable_path/Frameworks";
				PRODUCT_BUNDLE_IDENTIFIER = jf.AppsList;
				PRODUCT_NAME = "$(TARGET_NAME)";
				SWIFT_OBJC_BRIDGING_HEADER = "AppsList/AppsList-Bridging-Header.h";
				SWIFT_OPTIMIZATION_LEVEL = "-Onone";
			};
			name = Debug;
		};
		6885AF621CAAE52400AE3392 /* Release */ = {
			isa = XCBuildConfiguration;
			buildSettings = {
				ASSETCATALOG_COMPILER_APPICON_NAME = AppIcon;
				CLANG_ENABLE_MODULES = YES;
				INFOPLIST_FILE = AppsList/Info.plist;
				IPHONEOS_DEPLOYMENT_TARGET = 7.0;
				LD_RUNPATH_SEARCH_PATHS = "$(inherited) @executable_path/Frameworks";
				PRODUCT_BUNDLE_IDENTIFIER = jf.AppsList;
				PRODUCT_NAME = "$(TARGET_NAME)";
				SWIFT_OBJC_BRIDGING_HEADER = "AppsList/AppsList-Bridging-Header.h";
			};
			name = Release;
		};
/* End XCBuildConfiguration section */

/* Begin XCConfigurationList section */
		6885AF491CAAE52300AE3392 /* Build configuration list for PBXProject "AppsList" */ = {
			isa = XCConfigurationList;
			buildConfigurations = (
				6885AF5E1CAAE52300AE3392 /* Debug */,
				6885AF5F1CAAE52400AE3392 /* Release */,
			);
			defaultConfigurationIsVisible = 0;
			defaultConfigurationName = Release;
		};
		6885AF601CAAE52400AE3392 /* Build configuration list for PBXNativeTarget "AppsList" */ = {
			isa = XCConfigurationList;
			buildConfigurations = (
				6885AF611CAAE52400AE3392 /* Debug */,
				6885AF621CAAE52400AE3392 /* Release */,
			);
			defaultConfigurationIsVisible = 0;
			defaultConfigurationName = Release;
		};
/* End XCConfigurationList section */

/* Begin XCVersionGroup section */
		6823CA901CAD7FD600DAE237 /* AppsList.xcdatamodeld */ = {
			isa = XCVersionGroup;
			children = (
				6823CA911CAD7FD600DAE237 /* AppsList.xcdatamodel */,
			);
			currentVersion = 6823CA911CAD7FD600DAE237 /* AppsList.xcdatamodel */;
			path = AppsList.xcdatamodeld;
			sourceTree = "<group>";
			versionGroupType = wrapper.xcdatamodel;
		};
/* End XCVersionGroup section */
	};
	rootObject = 6885AF461CAAE52300AE3392 /* Project object */;
}
